// !$*UTF8*$!
{
	archiveVersion = 1;
	classes = {
	};
	objectVersion = 46;
	objects = {

/* Begin PBXBuildFile section */
		D74C73C11C234D52005846F4 /* AppDelegate.swift in Sources */ = {isa = PBXBuildFile; fileRef = D74C73C01C234D52005846F4 /* AppDelegate.swift */; };
		D74C73C31C234D52005846F4 /* ViewController.swift in Sources */ = {isa = PBXBuildFile; fileRef = D74C73C21C234D52005846F4 /* ViewController.swift */; };
		D74C73C61C234D52005846F4 /* Main.storyboard in Resources */ = {isa = PBXBuildFile; fileRef = D74C73C41C234D52005846F4 /* Main.storyboard */; };
		D74C73C81C234D52005846F4 /* Assets.xcassets in Resources */ = {isa = PBXBuildFile; fileRef = D74C73C71C234D52005846F4 /* Assets.xcassets */; };
		D74C73CB1C234D52005846F4 /* LaunchScreen.storyboard in Resources */ = {isa = PBXBuildFile; fileRef = D74C73C91C234D52005846F4 /* LaunchScreen.storyboard */; };
		D74C73D61C234D52005846F4 /* tickTackToeAppTests.swift in Sources */ = {isa = PBXBuildFile; fileRef = D74C73D51C234D52005846F4 /* tickTackToeAppTests.swift */; };
		D74C73E11C234D52005846F4 /* tickTackToeAppUITests.swift in Sources */ = {isa = PBXBuildFile; fileRef = D74C73E01C234D52005846F4 /* tickTackToeAppUITests.swift */; };
/* End PBXBuildFile section */

/* Begin PBXContainerItemProxy section */
		D74C73D21C234D52005846F4 /* PBXContainerItemProxy */ = {
			isa = PBXContainerItemProxy;
			containerPortal = D74C73B51C234D52005846F4 /* Project object */;
			proxyType = 1;
			remoteGlobalIDString = D74C73BC1C234D52005846F4;
			remoteInfo = tickTackToeApp;
		};
		D74C73DD1C234D52005846F4 /* PBXContainerItemProxy */ = {
			isa = PBXContainerItemProxy;
			containerPortal = D74C73B51C234D52005846F4 /* Project object */;
			proxyType = 1;
			remoteGlobalIDString = D74C73BC1C234D52005846F4;
			remoteInfo = tickTackToeApp;
		};
/* End PBXContainerItemProxy section */

/* Begin PBXFileReference section */
		D74C73BD1C234D52005846F4 /* tickTackToeApp.app */ = {isa = PBXFileReference; explicitFileType = wrapper.application; includeInIndex = 0; path = tickTackToeApp.app; sourceTree = BUILT_PRODUCTS_DIR; };
		D74C73C01C234D52005846F4 /* AppDelegate.swift */ = {isa = PBXFileReference; lastKnownFileType = sourcecode.swift; path = AppDelegate.swift; sourceTree = "<group>"; };
		D74C73C21C234D52005846F4 /* ViewController.swift */ = {isa = PBXFileReference; lastKnownFileType = sourcecode.swift; path = ViewController.swift; sourceTree = "<group>"; };
		D74C73C51C234D52005846F4 /* Base */ = {isa = PBXFileReference; lastKnownFileType = file.storyboard; name = Base; path = Base.lproj/Main.storyboard; sourceTree = "<group>"; };
		D74C73C71C234D52005846F4 /* Assets.xcassets */ = {isa = PBXFileReference; lastKnownFileType = folder.assetcatalog; path = Assets.xcassets; sourceTree = "<group>"; };
		D74C73CA1C234D52005846F4 /* Base */ = {isa = PBXFileReference; lastKnownFileType = file.storyboard; name = Base; path = Base.lproj/LaunchScreen.storyboard; sourceTree = "<group>"; };
		D74C73CC1C234D52005846F4 /* Info.plist */ = {isa = PBXFileReference; lastKnownFileType = text.plist.xml; path = Info.plist; sourceTree = "<group>"; };
		D74C73D11C234D52005846F4 /* tickTackToeAppTests.xctest */ = {isa = PBXFileReference; explicitFileType = wrapper.cfbundle; includeInIndex = 0; path = tickTackToeAppTests.xctest; sourceTree = BUILT_PRODUCTS_DIR; };
		D74C73D51C234D52005846F4 /* tickTackToeAppTests.swift */ = {isa = PBXFileReference; lastKnownFileType = sourcecode.swift; path = tickTackToeAppTests.swift; sourceTree = "<group>"; };
		D74C73D71C234D52005846F4 /* Info.plist */ = {isa = PBXFileReference; lastKnownFileType = text.plist.xml; path = Info.plist; sourceTree = "<group>"; };
		D74C73DC1C234D52005846F4 /* tickTackToeAppUITests.xctest */ = {isa = PBXFileReference; explicitFileType = wrapper.cfbundle; includeInIndex = 0; path = tickTackToeAppUITests.xctest; sourceTree = BUILT_PRODUCTS_DIR; };
		D74C73E01C234D52005846F4 /* tickTackToeAppUITests.swift */ = {isa = PBXFileReference; lastKnownFileType = sourcecode.swift; path = tickTackToeAppUITests.swift; sourceTree = "<group>"; };
		D74C73E21C234D53005846F4 /* Info.plist */ = {isa = PBXFileReference; lastKnownFileType = text.plist.xml; path = Info.plist; sourceTree = "<group>"; };
/* End PBXFileReference section */

/* Begin PBXFrameworksBuildPhase section */
		D74C73BA1C234D52005846F4 /* Frameworks */ = {
			isa = PBXFrameworksBuildPhase;
			buildActionMask = 2147483647;
			files = (
			);
			runOnlyForDeploymentPostprocessing = 0;
		};
		D74C73CE1C234D52005846F4 /* Frameworks */ = {
			isa = PBXFrameworksBuildPhase;
			buildActionMask = 2147483647;
			files = (
			);
			runOnlyForDeploymentPostprocessing = 0;
		};
		D74C73D91C234D52005846F4 /* Frameworks */ = {
			isa = PBXFrameworksBuildPhase;
			buildActionMask = 2147483647;
			files = (
			);
			runOnlyForDeploymentPostprocessing = 0;
		};
/* End PBXFrameworksBuildPhase section */

/* Begin PBXGroup section */
		D74C73B41C234D52005846F4 = {
			isa = PBXGroup;
			children = (
				D74C73BF1C234D52005846F4 /* tickTackToeApp */,
				D74C73D41C234D52005846F4 /* tickTackToeAppTests */,
				D74C73DF1C234D52005846F4 /* tickTackToeAppUITests */,
				D74C73BE1C234D52005846F4 /* Products */,
			);
			sourceTree = "<group>";
		};
		D74C73BE1C234D52005846F4 /* Products */ = {
			isa = PBXGroup;
			children = (
				D74C73BD1C234D52005846F4 /* tickTackToeApp.app */,
				D74C73D11C234D52005846F4 /* tickTackToeAppTests.xctest */,
				D74C73DC1C234D52005846F4 /* tickTackToeAppUITests.xctest */,
			);
			name = Products;
			sourceTree = "<group>";
		};
		D74C73BF1C234D52005846F4 /* tickTackToeApp */ = {
			isa = PBXGroup;
			children = (
				D74C73C01C234D52005846F4 /* AppDelegate.swift */,
				D74C73C21C234D52005846F4 /* ViewController.swift */,
				D74C73C41C234D52005846F4 /* Main.storyboard */,
				D74C73C71C234D52005846F4 /* Assets.xcassets */,
				D74C73C91C234D52005846F4 /* LaunchScreen.storyboard */,
				D74C73CC1C234D52005846F4 /* Info.plist */,
			);
			path = tickTackToeApp;
			sourceTree = "<group>";
		};
		D74C73D41C234D52005846F4 /* tickTackToeAppTests */ = {
			isa = PBXGroup;
			children = (
				D74C73D51C234D52005846F4 /* tickTackToeAppTests.swift */,
				D74C73D71C234D52005846F4 /* Info.plist */,
			);
			path = tickTackToeAppTests;
			sourceTree = "<group>";
		};
		D74C73DF1C234D52005846F4 /* tickTackToeAppUITests */ = {
			isa = PBXGroup;
			children = (
				D74C73E01C234D52005846F4 /* tickTackToeAppUITests.swift */,
				D74C73E21C234D53005846F4 /* Info.plist */,
			);
			path = tickTackToeAppUITests;
			sourceTree = "<group>";
		};
/* End PBXGroup section */

/* Begin PBXNativeTarget section */
		D74C73BC1C234D52005846F4 /* tickTackToeApp */ = {
			isa = PBXNativeTarget;
			buildConfigurationList = D74C73E51C234D53005846F4 /* Build configuration list for PBXNativeTarget "tickTackToeApp" */;
			buildPhases = (
				D74C73B91C234D52005846F4 /* Sources */,
				D74C73BA1C234D52005846F4 /* Frameworks */,
				D74C73BB1C234D52005846F4 /* Resources */,
			);
			buildRules = (
			);
			dependencies = (
			);
			name = tickTackToeApp;
			productName = tickTackToeApp;
			productReference = D74C73BD1C234D52005846F4 /* tickTackToeApp.app */;
			productType = "com.apple.product-type.application";
		};
		D74C73D01C234D52005846F4 /* tickTackToeAppTests */ = {
			isa = PBXNativeTarget;
			buildConfigurationList = D74C73E81C234D53005846F4 /* Build configuration list for PBXNativeTarget "tickTackToeAppTests" */;
			buildPhases = (
				D74C73CD1C234D52005846F4 /* Sources */,
				D74C73CE1C234D52005846F4 /* Frameworks */,
				D74C73CF1C234D52005846F4 /* Resources */,
			);
			buildRules = (
			);
			dependencies = (
				D74C73D31C234D52005846F4 /* PBXTargetDependency */,
			);
			name = tickTackToeAppTests;
			productName = tickTackToeAppTests;
			productReference = D74C73D11C234D52005846F4 /* tickTackToeAppTests.xctest */;
			productType = "com.apple.product-type.bundle.unit-test";
		};
		D74C73DB1C234D52005846F4 /* tickTackToeAppUITests */ = {
			isa = PBXNativeTarget;
			buildConfigurationList = D74C73EB1C234D53005846F4 /* Build configuration list for PBXNativeTarget "tickTackToeAppUITests" */;
			buildPhases = (
				D74C73D81C234D52005846F4 /* Sources */,
				D74C73D91C234D52005846F4 /* Frameworks */,
				D74C73DA1C234D52005846F4 /* Resources */,
			);
			buildRules = (
			);
			dependencies = (
				D74C73DE1C234D52005846F4 /* PBXTargetDependency */,
			);
			name = tickTackToeAppUITests;
			productName = tickTackToeAppUITests;
			productReference = D74C73DC1C234D52005846F4 /* tickTackToeAppUITests.xctest */;
			productType = "com.apple.product-type.bundle.ui-testing";
		};
/* End PBXNativeTarget section */

/* Begin PBXProject section */
		D74C73B51C234D52005846F4 /* Project object */ = {
			isa = PBXProject;
			attributes = {
				LastSwiftUpdateCheck = 0710;
				LastUpgradeCheck = 0710;
				ORGANIZATIONNAME = JohnHerseyHighSchool;
				TargetAttributes = {
					D74C73BC1C234D52005846F4 = {
						CreatedOnToolsVersion = 7.1;
					};
					D74C73D01C234D52005846F4 = {
						CreatedOnToolsVersion = 7.1;
						TestTargetID = D74C73BC1C234D52005846F4;
					};
					D74C73DB1C234D52005846F4 = {
						CreatedOnToolsVersion = 7.1;
						TestTargetID = D74C73BC1C234D52005846F4;
					};
				};
			};
			buildConfigurationList = D74C73B81C234D52005846F4 /* Build configuration list for PBXProject "tickTackToeApp" */;
			compatibilityVersion = "Xcode 3.2";
			developmentRegion = English;
			hasScannedForEncodings = 0;
			knownRegions = (
				en,
				Base,
			);
			mainGroup = D74C73B41C234D52005846F4;
			productRefGroup = D74C73BE1C234D52005846F4 /* Products */;
			projectDirPath = "";
			projectRoot = "";
			targets = (
				D74C73BC1C234D52005846F4 /* tickTackToeApp */,
				D74C73D01C234D52005846F4 /* tickTackToeAppTests */,
				D74C73DB1C234D52005846F4 /* tickTackToeAppUITests */,
			);
		};
/* End PBXProject section */

/* Begin PBXResourcesBuildPhase section */
		D74C73BB1C234D52005846F4 /* Resources */ = {
			isa = PBXResourcesBuildPhase;
			buildActionMask = 2147483647;
			files = (
				D74C73CB1C234D52005846F4 /* LaunchScreen.storyboard in Resources */,
				D74C73C81C234D52005846F4 /* Assets.xcassets in Resources */,
				D74C73C61C234D52005846F4 /* Main.storyboard in Resources */,
			);
			runOnlyForDeploymentPostprocessing = 0;
		};
		D74C73CF1C234D52005846F4 /* Resources */ = {
			isa = PBXResourcesBuildPhase;
			buildActionMask = 2147483647;
			files = (
			);
			runOnlyForDeploymentPostprocessing = 0;
		};
		D74C73DA1C234D52005846F4 /* Resources */ = {
			isa = PBXResourcesBuildPhase;
			buildActionMask = 2147483647;
			files = (
			);
			runOnlyForDeploymentPostprocessing = 0;
		};
/* End PBXResourcesBuildPhase section */

/* Begin PBXSourcesBuildPhase section */
		D74C73B91C234D52005846F4 /* Sources */ = {
			isa = PBXSourcesBuildPhase;
			buildActionMask = 2147483647;
			files = (
				D74C73C31C234D52005846F4 /* ViewController.swift in Sources */,
				D74C73C11C234D52005846F4 /* AppDelegate.swift in Sources */,
			);
			runOnlyForDeploymentPostprocessing = 0;
		};
		D74C73CD1C234D52005846F4 /* Sources */ = {
			isa = PBXSourcesBuildPhase;
			buildActionMask = 2147483647;
			files = (
				D74C73D61C234D52005846F4 /* tickTackToeAppTests.swift in Sources */,
			);
			runOnlyForDeploymentPostprocessing = 0;
		};
		D74C73D81C234D52005846F4 /* Sources */ = {
			isa = PBXSourcesBuildPhase;
			buildActionMask = 2147483647;
			files = (
				D74C73E11C234D52005846F4 /* tickTackToeAppUITests.swift in Sources */,
			);
			runOnlyForDeploymentPostprocessing = 0;
		};
/* End PBXSourcesBuildPhase section */

/* Begin PBXTargetDependency section */
		D74C73D31C234D52005846F4 /* PBXTargetDependency */ = {
			isa = PBXTargetDependency;
			target = D74C73BC1C234D52005846F4 /* tickTackToeApp */;
			targetProxy = D74C73D21C234D52005846F4 /* PBXContainerItemProxy */;
		};
		D74C73DE1C234D52005846F4 /* PBXTargetDependency */ = {
			isa = PBXTargetDependency;
			target = D74C73BC1C234D52005846F4 /* tickTackToeApp */;
			targetProxy = D74C73DD1C234D52005846F4 /* PBXContainerItemProxy */;
		};
/* End PBXTargetDependency section */

/* Begin PBXVariantGroup section */
		D74C73C41C234D52005846F4 /* Main.storyboard */ = {
			isa = PBXVariantGroup;
			children = (
				D74C73C51C234D52005846F4 /* Base */,
			);
			name = Main.storyboard;
			sourceTree = "<group>";
		};
		D74C73C91C234D52005846F4 /* LaunchScreen.storyboard */ = {
			isa = PBXVariantGroup;
			children = (
				D74C73CA1C234D52005846F4 /* Base */,
			);
			name = LaunchScreen.storyboard;
			sourceTree = "<group>";
		};
/* End PBXVariantGroup section */

/* Begin XCBuildConfiguration section */
		D74C73E31C234D53005846F4 /* Debug */ = {
			isa = XCBuildConfiguration;
			buildSettings = {
				ALWAYS_SEARCH_USER_PATHS = NO;
				CLANG_CXX_LANGUAGE_STANDARD = "gnu++0x";
				CLANG_CXX_LIBRARY = "libc++";
				CLANG_ENABLE_MODULES = YES;
				CLANG_ENABLE_OBJC_ARC = YES;
				CLANG_WARN_BOOL_CONVERSION = YES;
				CLANG_WARN_CONSTANT_CONVERSION = YES;
				CLANG_WARN_DIRECT_OBJC_ISA_USAGE = YES_ERROR;
				CLANG_WARN_EMPTY_BODY = YES;
				CLANG_WARN_ENUM_CONVERSION = YES;
				CLANG_WARN_INT_CONVERSION = YES;
				CLANG_WARN_OBJC_ROOT_CLASS = YES_ERROR;
				CLANG_WARN_UNREACHABLE_CODE = YES;
				CLANG_WARN__DUPLICATE_METHOD_MATCH = YES;
				"CODE_SIGN_IDENTITY[sdk=iphoneos*]" = "iPhone Developer";
				COPY_PHASE_STRIP = NO;
				DEBUG_INFORMATION_FORMAT = dwarf;
				ENABLE_STRICT_OBJC_MSGSEND = YES;
				ENABLE_TESTABILITY = YES;
				GCC_C_LANGUAGE_STANDARD = gnu99;
				GCC_DYNAMIC_NO_PIC = NO;
				GCC_NO_COMMON_BLOCKS = YES;
				GCC_OPTIMIZATION_LEVEL = 0;
				GCC_PREPROCESSOR_DEFINITIONS = (
					"DEBUG=1",
					"$(inherited)",
				);
				GCC_WARN_64_TO_32_BIT_CONVERSION = YES;
				GCC_WARN_ABOUT_RETURN_TYPE = YES_ERROR;
				GCC_WARN_UNDECLARED_SELECTOR = YES;
				GCC_WARN_UNINITIALIZED_AUTOS = YES_AGGRESSIVE;
				GCC_WARN_UNUSED_FUNCTION = YES;
				GCC_WARN_UNUSED_VARIABLE = YES;
				IPHONEOS_DEPLOYMENT_TARGET = 9.1;
				MTL_ENABLE_DEBUG_INFO = YES;
				ONLY_ACTIVE_ARCH = YES;
				SDKROOT = iphoneos;
				SWIFT_OPTIMIZATION_LEVEL = "-Onone";
				TARGETED_DEVICE_FAMILY = "1,2";
			};
			name = Debug;
		};
		D74C73E41C234D53005846F4 /* Release */ = {
			isa = XCBuildConfiguration;
			buildSettings = {
				ALWAYS_SEARCH_USER_PATHS = NO;
				CLANG_CXX_LANGUAGE_STANDARD = "gnu++0x";
				CLANG_CXX_LIBRARY = "libc++";
				CLANG_ENABLE_MODULES = YES;
				CLANG_ENABLE_OBJC_ARC = YES;
				CLANG_WARN_BOOL_CONVERSION = YES;
				CLANG_WARN_CONSTANT_CONVERSION = YES;
				CLANG_WARN_DIRECT_OBJC_ISA_USAGE = YES_ERROR;
				CLANG_WARN_EMPTY_BODY = YES;
				CLANG_WARN_ENUM_CONVERSION = YES;
				CLANG_WARN_INT_CONVERSION = YES;
				CLANG_WARN_OBJC_ROOT_CLASS = YES_ERROR;
				CLANG_WARN_UNREACHABLE_CODE = YES;
				CLANG_WARN__DUPLICATE_METHOD_MATCH = YES;
				"CODE_SIGN_IDENTITY[sdk=iphoneos*]" = "iPhone Developer";
				COPY_PHASE_STRIP = NO;
				DEBUG_INFORMATION_FORMAT = "dwarf-with-dsym";
				ENABLE_NS_ASSERTIONS = NO;
				ENABLE_STRICT_OBJC_MSGSEND = YES;
				GCC_C_LANGUAGE_STANDARD = gnu99;
				GCC_NO_COMMON_BLOCKS = YES;
				GCC_WARN_64_TO_32_BIT_CONVERSION = YES;
				GCC_WARN_ABOUT_RETURN_TYPE = YES_ERROR;
				GCC_WARN_UNDECLARED_SELECTOR = YES;
				GCC_WARN_UNINITIALIZED_AUTOS = YES_AGGRESSIVE;
				GCC_WARN_UNUSED_FUNCTION = YES;
				GCC_WARN_UNUSED_VARIABLE = YES;
				IPHONEOS_DEPLOYMENT_TARGET = 9.1;
				MTL_ENABLE_DEBUG_INFO = NO;
				SDKROOT = iphoneos;
				TARGETED_DEVICE_FAMILY = "1,2";
				VALIDATE_PRODUCT = YES;
			};
			name = Release;
		};
		D74C73E61C234D53005846F4 /* Debug */ = {
			isa = XCBuildConfiguration;
			buildSettings = {
				ASSETCATALOG_COMPILER_APPICON_NAME = AppIcon;
				INFOPLIST_FILE = tickTackToeApp/Info.plist;
				LD_RUNPATH_SEARCH_PATHS = "$(inherited) @executable_path/Frameworks";
				PRODUCT_BUNDLE_IDENTIFIER = JHHS.tickTackToeApp;
				PRODUCT_NAME = "$(TARGET_NAME)";
			};
			name = Debug;
		};
		D74C73E71C234D53005846F4 /* Release */ = {
			isa = XCBuildConfiguration;
			buildSettings = {
				ASSETCATALOG_COMPILER_APPICON_NAME = AppIcon;
				INFOPLIST_FILE = tickTackToeApp/Info.plist;
				LD_RUNPATH_SEARCH_PATHS = "$(inherited) @executable_path/Frameworks";
				PRODUCT_BUNDLE_IDENTIFIER = JHHS.tickTackToeApp;
				PRODUCT_NAME = "$(TARGET_NAME)";
			};
			name = Release;
		};
		D74C73E91C234D53005846F4 /* Debug */ = {
			isa = XCBuildConfiguration;
			buildSettings = {
				BUNDLE_LOADER = "$(TEST_HOST)";
				INFOPLIST_FILE = tickTackToeAppTests/Info.plist;
				LD_RUNPATH_SEARCH_PATHS = "$(inherited) @executable_path/Frameworks @loader_path/Frameworks";
				PRODUCT_BUNDLE_IDENTIFIER = JHHS.tickTackToeAppTests;
				PRODUCT_NAME = "$(TARGET_NAME)";
				TEST_HOST = "$(BUILT_PRODUCTS_DIR)/tickTackToeApp.app/tickTackToeApp";
			};
			name = Debug;
		};
		D74C73EA1C234D53005846F4 /* Release */ = {
			isa = XCBuildConfiguration;
			buildSettings = {
				BUNDLE_LOADER = "$(TEST_HOST)";
				INFOPLIST_FILE = tickTackToeAppTests/Info.plist;
				LD_RUNPATH_SEARCH_PATHS = "$(inherited) @executable_path/Frameworks @loader_path/Frameworks";
				PRODUCT_BUNDLE_IDENTIFIER = JHHS.tickTackToeAppTests;
				PRODUCT_NAME = "$(TARGET_NAME)";
				TEST_HOST = "$(BUILT_PRODUCTS_DIR)/tickTackToeApp.app/tickTackToeApp";
			};
			name = Release;
		};
		D74C73EC1C234D53005846F4 /* Debug */ = {
			isa = XCBuildConfiguration;
			buildSettings = {
				INFOPLIST_FILE = tickTackToeAppUITests/Info.plist;
				LD_RUNPATH_SEARCH_PATHS = "$(inherited) @executable_path/Frameworks @loader_path/Frameworks";
				PRODUCT_BUNDLE_IDENTIFIER = JHHS.tickTackToeAppUITests;
				PRODUCT_NAME = "$(TARGET_NAME)";
				TEST_TARGET_NAME = tickTackToeApp;
				USES_XCTRUNNER = YES;
			};
			name = Debug;
		};
		D74C73ED1C234D53005846F4 /* Release */ = {
			isa = XCBuildConfiguration;
			buildSettings = {
				INFOPLIST_FILE = tickTackToeAppUITests/Info.plist;
				LD_RUNPATH_SEARCH_PATHS = "$(inherited) @executable_path/Frameworks @loader_path/Frameworks";
				PRODUCT_BUNDLE_IDENTIFIER = JHHS.tickTackToeAppUITests;
				PRODUCT_NAME = "$(TARGET_NAME)";
				TEST_TARGET_NAME = tickTackToeApp;
				USES_XCTRUNNER = YES;
			};
			name = Release;
		};
/* End XCBuildConfiguration section */

/* Begin XCConfigurationList section */
		D74C73B81C234D52005846F4 /* Build configuration list for PBXProject "tickTackToeApp" */ = {
			isa = XCConfigurationList;
			buildConfigurations = (
				D74C73E31C234D53005846F4 /* Debug */,
				D74C73E41C234D53005846F4 /* Release */,
			);
			defaultConfigurationIsVisible = 0;
			defaultConfigurationName = Release;
		};
		D74C73E51C234D53005846F4 /* Build configuration list for PBXNativeTarget "tickTackToeApp" */ = {
			isa = XCConfigurationList;
			buildConfigurations = (
				D74C73E61C234D53005846F4 /* Debug */,
				D74C73E71C234D53005846F4 /* Release */,
			);
			defaultConfigurationIsVisible = 0;
		};
		D74C73E81C234D53005846F4 /* Build configuration list for PBXNativeTarget "tickTackToeAppTests" */ = {
			isa = XCConfigurationList;
			buildConfigurations = (
				D74C73E91C234D53005846F4 /* Debug */,
				D74C73EA1C234D53005846F4 /* Release */,
			);
			defaultConfigurationIsVisible = 0;
		};
		D74C73EB1C234D53005846F4 /* Build configuration list for PBXNativeTarget "tickTackToeAppUITests" */ = {
			isa = XCConfigurationList;
			buildConfigurations = (
				D74C73EC1C234D53005846F4 /* Debug */,
				D74C73ED1C234D53005846F4 /* Release */,
			);
			defaultConfigurationIsVisible = 0;
		};
/* End XCConfigurationList section */
	};
	rootObject = D74C73B51C234D52005846F4 /* Project object */;
}
